{
  "name": "minimade",
  "version": "0.0.0",
  "lockfileVersion": 2,
  "requires": true,
  "packages": {
    "": {
      "name": "minimade",
      "version": "0.0.0",
      "license": "MIT",
      "dependencies": {
        "ktw": "^0.1.3",
        "strip-json-comments": "^4.0.0"
      },
      "devDependencies": {
        "@types/node": "^17.0.21",
        "typescript": "^4.5.5"
      }
    },
    "node_modules/@types/node": {
      "version": "17.0.21",
      "resolved": "https://registry.npmjs.org/@types/node/-/node-17.0.21.tgz",
      "integrity": "sha512-DBZCJbhII3r90XbQxI8Y9IjjiiOGlZ0Hr32omXIZvwwZ7p4DMMXGrKXVyPfuoBOri9XNtL0UK69jYIBIsRX3QQ==",
      "dev": true
    },
    "node_modules/ktw": {
      "version": "0.1.3",
      "resolved": "https://registry.npmjs.org/ktw/-/ktw-0.1.3.tgz",
      "integrity": "sha512-Aa3yIWuxnjbuto3XFOtNDT3JuHwvQomyfoRiSR4XDauHK6yH2PUpaxGi4YRcBWl0PMw7FovaKIxNHXA/w34VZg=="
    },
    "node_modules/strip-json-comments": {
      "version": "4.0.0",
      "resolved": "https://registry.npmjs.org/strip-json-comments/-/strip-json-comments-4.0.0.tgz",
      "integrity": "sha512-LzWcbfMbAsEDTRmhjWIioe8GcDRl0fa35YMXFoJKDdiD/quGFmjJjdgPjFJJNwCMaLyQqFIDqCdHD2V4HfLgYA==",
      "engines": {
        "node": "^12.20.0 || ^14.13.1 || >=16.0.0"
      },
      "funding": {
        "url": "https://github.com/sponsors/sindresorhus"
      }
    },
    "node_modules/typescript": {
      "version": "4.5.5",
      "resolved": "https://registry.npmjs.org/typescript/-/typescript-4.5.5.tgz",
      "integrity": "sha512-TCTIul70LyWe6IJWT8QSYeA54WQe8EjQFU4wY52Fasj5UKx88LNYKCgBEHcOMOrFF1rKGbD8v/xcNWVUq9SymA==",
      "dev": true,
      "bin": {
        "tsc": "bin/tsc",
        "tsserver": "bin/tsserver"
      },
      "engines": {
        "node": ">=4.2.0"
      }
    }
  },
  "dependencies": {
    "@types/node": {
      "version": "17.0.21",
      "resolved": "https://registry.npmjs.org/@types/node/-/node-17.0.21.tgz",
      "integrity": "sha512-DBZCJbhII3r90XbQxI8Y9IjjiiOGlZ0Hr32omXIZvwwZ7p4DMMXGrKXVyPfuoBOri9XNtL0UK69jYIBIsRX3QQ==",
      "dev": true
    },
    "ktw": {
      "version": "0.1.3",
      "resolved": "https://registry.npmjs.org/ktw/-/ktw-0.1.3.tgz",
      "integrity": "sha512-Aa3yIWuxnjbuto3XFOtNDT3JuHwvQomyfoRiSR4XDauHK6yH2PUpaxGi4YRcBWl0PMw7FovaKIxNHXA/w34VZg=="
    },
    "strip-json-comments": {
      "version": "4.0.0",
      "resolved": "https://registry.npmjs.org/strip-json-comments/-/strip-json-comments-4.0.0.tgz",
      "integrity": "sha512-LzWcbfMbAsEDTRmhjWIioe8GcDRl0fa35YMXFoJKDdiD/quGFmjJjdgPjFJJNwCMaLyQqFIDqCdHD2V4HfLgYA=="
    },
    "typescript": {
      "version": "4.5.5",
      "resolved": "https://registry.npmjs.org/typescript/-/typescript-4.5.5.tgz",
      "integrity": "sha512-TCTIul70LyWe6IJWT8QSYeA54WQe8EjQFU4wY52Fasj5UKx88LNYKCgBEHcOMOrFF1rKGbD8v/xcNWVUq9SymA==",
      "dev": true
    }
  }
}
