{
  "name": "minimade",
  "version": "0.0.0",
  "lockfileVersion": 2,
  "requires": true,
  "packages": {
    "": {
      "name": "minimade",
      "version": "0.0.0",
      "license": "MIT",
      "dependencies": {
        "ktw": "^0.0.3"
      }
    },
    "node_modules/ktw": {
      "version": "0.0.3",
      "resolved": "https://registry.npmjs.org/ktw/-/ktw-0.0.3.tgz",
      "integrity": "sha512-FfAPy0Vekjk4CkYCK5F9rogNBQ1e5q23Z2Vmf215wk1OUnktEs8zz8nwrwLHLIB2+aHjloK8njceo8DaOSXr8A=="
    }
  },
  "dependencies": {
    "ktw": {
      "version": "0.0.3",
      "resolved": "https://registry.npmjs.org/ktw/-/ktw-0.0.3.tgz",
      "integrity": "sha512-FfAPy0Vekjk4CkYCK5F9rogNBQ1e5q23Z2Vmf215wk1OUnktEs8zz8nwrwLHLIB2+aHjloK8njceo8DaOSXr8A=="
    }
  }
}
